<?xml version="1.0" encoding="utf-8"?>
<Project ToolsVersion="4.0" xmlns="http://schemas.microsoft.com/developer/msbuild/2003">
  <ItemGroup>
    <Filter Include="Source Files">
      <UniqueIdentifier>{C35A5FCB-0C1D-4CC9-82AB-F36F42202014}</UniqueIdentifier>
    </Filter>
    <Filter Include="Header Files">
      <UniqueIdentifier>{F7A777E1-3B38-4AC2-A65A-7311E2693420}</UniqueIdentifier>
    </Filter>
    <Filter Include="Project Files">
      <UniqueIdentifier>{03621EB7-32CA-49CE-80AF-889E5B2AE83F}</UniqueIdentifier>
    </Filter>
    <Filter Include="References">
      <UniqueIdentifier>{F8D4851F-2842-4187-AA4E-251ACD7E47F7}</UniqueIdentifier>
    </Filter>
  </ItemGroup>
  <ItemGroup>
    <ClCompile Include="main.cpp">
      <Filter>Source Files</Filter>
    </ClCompile>
  </ItemGroup>
  <ItemGroup>
    <None Include="xex.xml">
      <Filter>Project Files</Filter>
    </None>
  </ItemGroup>
  <ItemGroup>
    <ProjectReference Include="..\XboxTLS13\XboxTLS13.vcxproj">
      <Filter>References</Filter>
    </ProjectReference>
  </ItemGroup>
</Project>
